// !$*UTF8*$!
{
	archiveVersion = 1;
	classes = {
	};
	objectVersion = 46;
	objects = {

/* Begin PBXBuildFile section */
		D62BE6DA1E394C8E00C3AFE0 /* AlamofireImage.framework in Frameworks */ = {isa = PBXBuildFile; fileRef = D62BE6CD1E394BC800C3AFE0 /* AlamofireImage.framework */; };
		D62BE6DB1E394C8E00C3AFE0 /* AlamofireImage.framework in Embed Frameworks */ = {isa = PBXBuildFile; fileRef = D62BE6CD1E394BC800C3AFE0 /* AlamofireImage.framework */; settings = {ATTRIBUTES = (CodeSignOnCopy, RemoveHeadersOnCopy, ); }; };
		D62BE6DF1E3B202100C3AFE0 /* Main.storyboard in Resources */ = {isa = PBXBuildFile; fileRef = D62BE6DE1E3B202100C3AFE0 /* Main.storyboard */; };
		D62BE6E31E3B314D00C3AFE0 /* CellClass.swift in Sources */ = {isa = PBXBuildFile; fileRef = D62BE6E21E3B314D00C3AFE0 /* CellClass.swift */; };
		D67B06211E4131D700D936AA /* MapAnnotation.swift in Sources */ = {isa = PBXBuildFile; fileRef = D67B06201E4131D700D936AA /* MapAnnotation.swift */; };
		D6DC16471E3ED15C00A5E794 /* MapViewController.swift in Sources */ = {isa = PBXBuildFile; fileRef = D6DC16461E3ED15C00A5E794 /* MapViewController.swift */; };
		D6E4F9291E326A7E00DC11AA /* AppDelegate.swift in Sources */ = {isa = PBXBuildFile; fileRef = D6E4F9281E326A7E00DC11AA /* AppDelegate.swift */; };
		D6E4F92B1E326A7E00DC11AA /* ViewController.swift in Sources */ = {isa = PBXBuildFile; fileRef = D6E4F92A1E326A7E00DC11AA /* ViewController.swift */; };
		D6E4F9301E326A7E00DC11AA /* Assets.xcassets in Resources */ = {isa = PBXBuildFile; fileRef = D6E4F92F1E326A7E00DC11AA /* Assets.xcassets */; };
		D6E4F9331E326A7E00DC11AA /* LaunchScreen.storyboard in Resources */ = {isa = PBXBuildFile; fileRef = D6E4F9311E326A7E00DC11AA /* LaunchScreen.storyboard */; };
		D6E4F9531E32A6C800DC11AA /* Alamofire.framework in Frameworks */ = {isa = PBXBuildFile; fileRef = D6E4F9461E32A55100DC11AA /* Alamofire.framework */; };
		D6E4F9541E32A6C800DC11AA /* Alamofire.framework in Embed Frameworks */ = {isa = PBXBuildFile; fileRef = D6E4F9461E32A55100DC11AA /* Alamofire.framework */; settings = {ATTRIBUTES = (CodeSignOnCopy, RemoveHeadersOnCopy, ); }; };
		D6E4F9591E32B87800DC11AA /* SwiftyJSON.swift in Sources */ = {isa = PBXBuildFile; fileRef = D6E4F9581E32B87800DC11AA /* SwiftyJSON.swift */; };
		D6E4F95B1E364F9000DC11AA /* DetailViewController.swift in Sources */ = {isa = PBXBuildFile; fileRef = D6E4F95A1E364F9000DC11AA /* DetailViewController.swift */; };
		D6E4F9611E37A2DE00DC11AA /* TitleViewController.swift in Sources */ = {isa = PBXBuildFile; fileRef = D6E4F9601E37A2DD00DC11AA /* TitleViewController.swift */; };
		D6E4F9651E37D68200DC11AA /* YelpData.swift in Sources */ = {isa = PBXBuildFile; fileRef = D6E4F9641E37D68200DC11AA /* YelpData.swift */; };
		D6E4F9671E37E37C00DC11AA /* Restaurant.swift in Sources */ = {isa = PBXBuildFile; fileRef = D6E4F9661E37E37C00DC11AA /* Restaurant.swift */; };
		D6E74A7E1E3F8FBE00E52007 /* MapKit.framework in Frameworks */ = {isa = PBXBuildFile; fileRef = D6E74A7D1E3F8FBE00E52007 /* MapKit.framework */; };
		D6EE12101E42675400B189B1 /* WebViewController.swift in Sources */ = {isa = PBXBuildFile; fileRef = D6EE120F1E42675400B189B1 /* WebViewController.swift */; };
		D6EE12221E43D41200B189B1 /* ImageViewController.swift in Sources */ = {isa = PBXBuildFile; fileRef = D6EE12211E43D41200B189B1 /* ImageViewController.swift */; };
		D6EE12271E48D6F800B189B1 /* DataRetrieval.swift in Sources */ = {isa = PBXBuildFile; fileRef = D6EE12261E48D6F800B189B1 /* DataRetrieval.swift */; };
/* End PBXBuildFile section */

/* Begin PBXContainerItemProxy section */
		D62BE6CC1E394BC800C3AFE0 /* PBXContainerItemProxy */ = {
			isa = PBXContainerItemProxy;
			containerPortal = D62BE6C01E394BC800C3AFE0 /* AlamofireImage.xcodeproj */;
			proxyType = 2;
			remoteGlobalIDString = 4C9043771AABBFC5001B4E60;
			remoteInfo = "AlamofireImage iOS";
		};
		D62BE6CE1E394BC800C3AFE0 /* PBXContainerItemProxy */ = {
			isa = PBXContainerItemProxy;
			containerPortal = D62BE6C01E394BC800C3AFE0 /* AlamofireImage.xcodeproj */;
			proxyType = 2;
			remoteGlobalIDString = 4C9043821AABBFC5001B4E60;
			remoteInfo = "AlamofireImage iOS Tests";
		};
		D62BE6D01E394BC800C3AFE0 /* PBXContainerItemProxy */ = {
			isa = PBXContainerItemProxy;
			containerPortal = D62BE6C01E394BC800C3AFE0 /* AlamofireImage.xcodeproj */;
			proxyType = 2;
			remoteGlobalIDString = 4CE611321AABC24E00D35044;
			remoteInfo = "AlamofireImage macOS";
		};
		D62BE6D21E394BC800C3AFE0 /* PBXContainerItemProxy */ = {
			isa = PBXContainerItemProxy;
			containerPortal = D62BE6C01E394BC800C3AFE0 /* AlamofireImage.xcodeproj */;
			proxyType = 2;
			remoteGlobalIDString = 4CE611471AABC5C900D35044;
			remoteInfo = "AlamofireImage macOS Tests";
		};
		D62BE6D41E394BC800C3AFE0 /* PBXContainerItemProxy */ = {
			isa = PBXContainerItemProxy;
			containerPortal = D62BE6C01E394BC800C3AFE0 /* AlamofireImage.xcodeproj */;
			proxyType = 2;
			remoteGlobalIDString = 4C16B37D1BA9399500A66EF0;
			remoteInfo = "AlamofireImage tvOS";
		};
		D62BE6D61E394BC800C3AFE0 /* PBXContainerItemProxy */ = {
			isa = PBXContainerItemProxy;
			containerPortal = D62BE6C01E394BC800C3AFE0 /* AlamofireImage.xcodeproj */;
			proxyType = 2;
			remoteGlobalIDString = 4C16B3861BA9399500A66EF0;
			remoteInfo = "AlamofireImage tvOS Tests";
		};
		D62BE6D81E394BC800C3AFE0 /* PBXContainerItemProxy */ = {
			isa = PBXContainerItemProxy;
			containerPortal = D62BE6C01E394BC800C3AFE0 /* AlamofireImage.xcodeproj */;
			proxyType = 2;
			remoteGlobalIDString = 4C4D4EC11B92976900C96855;
			remoteInfo = "AlamofireImage watchOS";
		};
		D62BE6DC1E394C8E00C3AFE0 /* PBXContainerItemProxy */ = {
			isa = PBXContainerItemProxy;
			containerPortal = D62BE6C01E394BC800C3AFE0 /* AlamofireImage.xcodeproj */;
			proxyType = 1;
			remoteGlobalIDString = 4C9043761AABBFC5001B4E60;
			remoteInfo = "AlamofireImage iOS";
		};
		D6E4F9451E32A55100DC11AA /* PBXContainerItemProxy */ = {
			isa = PBXContainerItemProxy;
			containerPortal = D6E4F93A1E32A55100DC11AA /* Alamofire.xcodeproj */;
			proxyType = 2;
			remoteGlobalIDString = F8111E3319A95C8B0040E7D1;
			remoteInfo = "Alamofire iOS";
		};
		D6E4F9471E32A55100DC11AA /* PBXContainerItemProxy */ = {
			isa = PBXContainerItemProxy;
			containerPortal = D6E4F93A1E32A55100DC11AA /* Alamofire.xcodeproj */;
			proxyType = 2;
			remoteGlobalIDString = F8111E3E19A95C8B0040E7D1;
			remoteInfo = "Alamofire iOS Tests";
		};
		D6E4F9491E32A55100DC11AA /* PBXContainerItemProxy */ = {
			isa = PBXContainerItemProxy;
			containerPortal = D6E4F93A1E32A55100DC11AA /* Alamofire.xcodeproj */;
			proxyType = 2;
			remoteGlobalIDString = 4DD67C0B1A5C55C900ED2280;
			remoteInfo = "Alamofire macOS";
		};
		D6E4F94B1E32A55100DC11AA /* PBXContainerItemProxy */ = {
			isa = PBXContainerItemProxy;
			containerPortal = D6E4F93A1E32A55100DC11AA /* Alamofire.xcodeproj */;
			proxyType = 2;
			remoteGlobalIDString = F829C6B21A7A94F100A2CD59;
			remoteInfo = "Alamofire macOS Tests";
		};
		D6E4F94D1E32A55100DC11AA /* PBXContainerItemProxy */ = {
			isa = PBXContainerItemProxy;
			containerPortal = D6E4F93A1E32A55100DC11AA /* Alamofire.xcodeproj */;
			proxyType = 2;
			remoteGlobalIDString = 4CF626EF1BA7CB3E0011A099;
			remoteInfo = "Alamofire tvOS";
		};
		D6E4F94F1E32A55100DC11AA /* PBXContainerItemProxy */ = {
			isa = PBXContainerItemProxy;
			containerPortal = D6E4F93A1E32A55100DC11AA /* Alamofire.xcodeproj */;
			proxyType = 2;
			remoteGlobalIDString = 4CF626F81BA7CB3E0011A099;
			remoteInfo = "Alamofire tvOS Tests";
		};
		D6E4F9511E32A55100DC11AA /* PBXContainerItemProxy */ = {
			isa = PBXContainerItemProxy;
			containerPortal = D6E4F93A1E32A55100DC11AA /* Alamofire.xcodeproj */;
			proxyType = 2;
			remoteGlobalIDString = E4202FE01B667AA100C997FB;
			remoteInfo = "Alamofire watchOS";
		};
		D6E4F9551E32A6C800DC11AA /* PBXContainerItemProxy */ = {
			isa = PBXContainerItemProxy;
			containerPortal = D6E4F93A1E32A55100DC11AA /* Alamofire.xcodeproj */;
			proxyType = 1;
			remoteGlobalIDString = F8111E3219A95C8B0040E7D1;
			remoteInfo = "Alamofire iOS";
		};
/* End PBXContainerItemProxy section */

/* Begin PBXCopyFilesBuildPhase section */
		D6E4F9571E32A6C800DC11AA /* Embed Frameworks */ = {
			isa = PBXCopyFilesBuildPhase;
			buildActionMask = 2147483647;
			dstPath = "";
			dstSubfolderSpec = 10;
			files = (
				D6E4F9541E32A6C800DC11AA /* Alamofire.framework in Embed Frameworks */,
				D62BE6DB1E394C8E00C3AFE0 /* AlamofireImage.framework in Embed Frameworks */,
			);
			name = "Embed Frameworks";
			runOnlyForDeploymentPostprocessing = 0;
		};
/* End PBXCopyFilesBuildPhase section */

/* Begin PBXFileReference section */
		D62BE6C01E394BC800C3AFE0 /* AlamofireImage.xcodeproj */ = {isa = PBXFileReference; lastKnownFileType = "wrapper.pb-project"; name = AlamofireImage.xcodeproj; path = AlamofireImage/AlamofireImage.xcodeproj; sourceTree = SOURCE_ROOT; };
		D62BE6DE1E3B202100C3AFE0 /* Main.storyboard */ = {isa = PBXFileReference; fileEncoding = 4; lastKnownFileType = file.storyboard; path = Main.storyboard; sourceTree = "<group>"; };
		D62BE6E21E3B314D00C3AFE0 /* CellClass.swift */ = {isa = PBXFileReference; fileEncoding = 4; lastKnownFileType = sourcecode.swift; name = CellClass.swift; path = ../CellClass.swift; sourceTree = "<group>"; };
		D67B06201E4131D700D936AA /* MapAnnotation.swift */ = {isa = PBXFileReference; fileEncoding = 4; lastKnownFileType = sourcecode.swift; path = MapAnnotation.swift; sourceTree = "<group>"; };
		D6DC16461E3ED15C00A5E794 /* MapViewController.swift */ = {isa = PBXFileReference; fileEncoding = 4; lastKnownFileType = sourcecode.swift; name = MapViewController.swift; path = ../MapViewController.swift; sourceTree = "<group>"; };
		D6E4F9251E326A7E00DC11AA /* BenYelpApp.app */ = {isa = PBXFileReference; explicitFileType = wrapper.application; includeInIndex = 0; path = BenYelpApp.app; sourceTree = BUILT_PRODUCTS_DIR; };
		D6E4F9281E326A7E00DC11AA /* AppDelegate.swift */ = {isa = PBXFileReference; lastKnownFileType = sourcecode.swift; path = AppDelegate.swift; sourceTree = "<group>"; };
		D6E4F92A1E326A7E00DC11AA /* ViewController.swift */ = {isa = PBXFileReference; lastKnownFileType = sourcecode.swift; path = ViewController.swift; sourceTree = "<group>"; };
		D6E4F92F1E326A7E00DC11AA /* Assets.xcassets */ = {isa = PBXFileReference; lastKnownFileType = folder.assetcatalog; path = Assets.xcassets; sourceTree = "<group>"; };
		D6E4F9321E326A7E00DC11AA /* Base */ = {isa = PBXFileReference; lastKnownFileType = file.storyboard; name = Base; path = Base.lproj/LaunchScreen.storyboard; sourceTree = "<group>"; };
		D6E4F9341E326A7E00DC11AA /* Info.plist */ = {isa = PBXFileReference; lastKnownFileType = text.plist.xml; path = Info.plist; sourceTree = "<group>"; };
		D6E4F93A1E32A55100DC11AA /* Alamofire.xcodeproj */ = {isa = PBXFileReference; lastKnownFileType = "wrapper.pb-project"; name = Alamofire.xcodeproj; path = Alamofire/Alamofire.xcodeproj; sourceTree = SOURCE_ROOT; };
		D6E4F9581E32B87800DC11AA /* SwiftyJSON.swift */ = {isa = PBXFileReference; fileEncoding = 4; lastKnownFileType = sourcecode.swift; path = SwiftyJSON.swift; sourceTree = "<group>"; };
		D6E4F95A1E364F9000DC11AA /* DetailViewController.swift */ = {isa = PBXFileReference; fileEncoding = 4; lastKnownFileType = sourcecode.swift; path = DetailViewController.swift; sourceTree = "<group>"; };
		D6E4F9601E37A2DD00DC11AA /* TitleViewController.swift */ = {isa = PBXFileReference; fileEncoding = 4; lastKnownFileType = sourcecode.swift; path = TitleViewController.swift; sourceTree = "<group>"; };
		D6E4F9641E37D68200DC11AA /* YelpData.swift */ = {isa = PBXFileReference; fileEncoding = 4; lastKnownFileType = sourcecode.swift; path = YelpData.swift; sourceTree = "<group>"; };
		D6E4F9661E37E37C00DC11AA /* Restaurant.swift */ = {isa = PBXFileReference; fileEncoding = 4; lastKnownFileType = sourcecode.swift; path = Restaurant.swift; sourceTree = "<group>"; };
		D6E74A7D1E3F8FBE00E52007 /* MapKit.framework */ = {isa = PBXFileReference; lastKnownFileType = wrapper.framework; name = MapKit.framework; path = System/Library/Frameworks/MapKit.framework; sourceTree = SDKROOT; };
		D6EE120F1E42675400B189B1 /* WebViewController.swift */ = {isa = PBXFileReference; fileEncoding = 4; lastKnownFileType = sourcecode.swift; path = WebViewController.swift; sourceTree = "<group>"; };
		D6EE12211E43D41200B189B1 /* ImageViewController.swift */ = {isa = PBXFileReference; fileEncoding = 4; lastKnownFileType = sourcecode.swift; path = ImageViewController.swift; sourceTree = "<group>"; };
		D6EE12261E48D6F800B189B1 /* DataRetrieval.swift */ = {isa = PBXFileReference; fileEncoding = 4; lastKnownFileType = sourcecode.swift; path = DataRetrieval.swift; sourceTree = "<group>"; };
/* End PBXFileReference section */

/* Begin PBXFrameworksBuildPhase section */
		D6E4F9221E326A7E00DC11AA /* Frameworks */ = {
			isa = PBXFrameworksBuildPhase;
			buildActionMask = 2147483647;
			files = (
				D6E4F9531E32A6C800DC11AA /* Alamofire.framework in Frameworks */,
				D6E74A7E1E3F8FBE00E52007 /* MapKit.framework in Frameworks */,
				D62BE6DA1E394C8E00C3AFE0 /* AlamofireImage.framework in Frameworks */,
			);
			runOnlyForDeploymentPostprocessing = 0;
		};
/* End PBXFrameworksBuildPhase section */

/* Begin PBXGroup section */
		D62BE6C11E394BC800C3AFE0 /* Products */ = {
			isa = PBXGroup;
			children = (
				D62BE6CD1E394BC800C3AFE0 /* AlamofireImage.framework */,
				D62BE6CF1E394BC800C3AFE0 /* AlamofireImage iOS Tests.xctest */,
				D62BE6D11E394BC800C3AFE0 /* AlamofireImage.framework */,
				D62BE6D31E394BC800C3AFE0 /* AlamofireImage macOS Tests.xctest */,
				D62BE6D51E394BC800C3AFE0 /* AlamofireImage.framework */,
				D62BE6D71E394BC800C3AFE0 /* AlamofireImage tvOS Tests.xctest */,
				D62BE6D91E394BC800C3AFE0 /* AlamofireImage.framework */,
			);
			name = Products;
			sourceTree = "<group>";
		};
		D6E4F91C1E326A7E00DC11AA = {
			isa = PBXGroup;
			children = (
				D6E4F9271E326A7E00DC11AA /* BenYelpApp */,
				D6E4F9261E326A7E00DC11AA /* Products */,
				D6E74A7C1E3F8FBE00E52007 /* Frameworks */,
			);
			sourceTree = "<group>";
		};
		D6E4F9261E326A7E00DC11AA /* Products */ = {
			isa = PBXGroup;
			children = (
				D6E4F9251E326A7E00DC11AA /* BenYelpApp.app */,
			);
			name = Products;
			sourceTree = "<group>";
		};
		D6E4F9271E326A7E00DC11AA /* BenYelpApp */ = {
			isa = PBXGroup;
			children = (
				D6E4F9581E32B87800DC11AA /* SwiftyJSON.swift */,
				D62BE6C01E394BC800C3AFE0 /* AlamofireImage.xcodeproj */,
				D6E4F93A1E32A55100DC11AA /* Alamofire.xcodeproj */,
				D6E4F9281E326A7E00DC11AA /* AppDelegate.swift */,
				D6EE121F1E426FAC00B189B1 /* ViewControllers */,
				D6EE12201E42704F00B189B1 /* Models */,
				D6EE12261E48D6F800B189B1 /* DataRetrieval.swift */,
				D62BE6E21E3B314D00C3AFE0 /* CellClass.swift */,
				D62BE6DE1E3B202100C3AFE0 /* Main.storyboard */,
				D6E4F9311E326A7E00DC11AA /* LaunchScreen.storyboard */,
				D6E4F92F1E326A7E00DC11AA /* Assets.xcassets */,
				D6E4F9341E326A7E00DC11AA /* Info.plist */,
			);
			path = BenYelpApp;
			sourceTree = "<group>";
		};
		D6E4F93B1E32A55100DC11AA /* Products */ = {
			isa = PBXGroup;
			children = (
				D6E4F9461E32A55100DC11AA /* Alamofire.framework */,
				D6E4F9481E32A55100DC11AA /* Alamofire iOS Tests.xctest */,
				D6E4F94A1E32A55100DC11AA /* Alamofire.framework */,
				D6E4F94C1E32A55100DC11AA /* Alamofire macOS Tests.xctest */,
				D6E4F94E1E32A55100DC11AA /* Alamofire.framework */,
				D6E4F9501E32A55100DC11AA /* Alamofire tvOS Tests.xctest */,
				D6E4F9521E32A55100DC11AA /* Alamofire.framework */,
			);
			name = Products;
			sourceTree = "<group>";
		};
		D6E74A7C1E3F8FBE00E52007 /* Frameworks */ = {
			isa = PBXGroup;
			children = (
				D6E74A7D1E3F8FBE00E52007 /* MapKit.framework */,
			);
			name = Frameworks;
			sourceTree = "<group>";
		};
		D6EE121F1E426FAC00B189B1 /* ViewControllers */ = {
			isa = PBXGroup;
			children = (
				D6E4F9601E37A2DD00DC11AA /* TitleViewController.swift */,
				D6E4F92A1E326A7E00DC11AA /* ViewController.swift */,
				D6E4F95A1E364F9000DC11AA /* DetailViewController.swift */,
				D6EE12211E43D41200B189B1 /* ImageViewController.swift */,
				D6EE120F1E42675400B189B1 /* WebViewController.swift */,
				D6DC16461E3ED15C00A5E794 /* MapViewController.swift */,
			);
			name = ViewControllers;
			sourceTree = "<group>";
		};
		D6EE12201E42704F00B189B1 /* Models */ = {
			isa = PBXGroup;
			children = (
				D6E4F9641E37D68200DC11AA /* YelpData.swift */,
				D6E4F9661E37E37C00DC11AA /* Restaurant.swift */,
				D67B06201E4131D700D936AA /* MapAnnotation.swift */,
			);
			name = Models;
			sourceTree = "<group>";
		};
/* End PBXGroup section */

/* Begin PBXNativeTarget section */
		D6E4F9241E326A7E00DC11AA /* BenYelpApp */ = {
			isa = PBXNativeTarget;
			buildConfigurationList = D6E4F9371E326A7E00DC11AA /* Build configuration list for PBXNativeTarget "BenYelpApp" */;
			buildPhases = (
				D6E4F9211E326A7E00DC11AA /* Sources */,
				D6E4F9221E326A7E00DC11AA /* Frameworks */,
				D6E4F9231E326A7E00DC11AA /* Resources */,
				D6E4F9571E32A6C800DC11AA /* Embed Frameworks */,
			);
			buildRules = (
			);
			dependencies = (
				D6E4F9561E32A6C800DC11AA /* PBXTargetDependency */,
				D62BE6DD1E394C8E00C3AFE0 /* PBXTargetDependency */,
			);
			name = BenYelpApp;
			productName = BenYelpApp;
			productReference = D6E4F9251E326A7E00DC11AA /* BenYelpApp.app */;
			productType = "com.apple.product-type.application";
		};
/* End PBXNativeTarget section */

/* Begin PBXProject section */
		D6E4F91D1E326A7E00DC11AA /* Project object */ = {
			isa = PBXProject;
			attributes = {
				LastSwiftUpdateCheck = 0820;
				LastUpgradeCheck = 0820;
				ORGANIZATIONNAME = "Ben Miller";
				TargetAttributes = {
					D6E4F9241E326A7E00DC11AA = {
						CreatedOnToolsVersion = 8.2.1;
						DevelopmentTeam = CQKZVG636A;
						ProvisioningStyle = Automatic;
						SystemCapabilities = {
							com.apple.Maps.iOS = {
								enabled = 1;
							};
						};
					};
				};
			};
			buildConfigurationList = D6E4F9201E326A7E00DC11AA /* Build configuration list for PBXProject "BenYelpApp" */;
			compatibilityVersion = "Xcode 3.2";
			developmentRegion = English;
			hasScannedForEncodings = 0;
			knownRegions = (
				en,
				Base,
			);
			mainGroup = D6E4F91C1E326A7E00DC11AA;
			productRefGroup = D6E4F9261E326A7E00DC11AA /* Products */;
			projectDirPath = "";
			projectReferences = (
				{
					ProductGroup = D6E4F93B1E32A55100DC11AA /* Products */;
					ProjectRef = D6E4F93A1E32A55100DC11AA /* Alamofire.xcodeproj */;
				},
				{
					ProductGroup = D62BE6C11E394BC800C3AFE0 /* Products */;
					ProjectRef = D62BE6C01E394BC800C3AFE0 /* AlamofireImage.xcodeproj */;
				},
			);
			projectRoot = "";
			targets = (
				D6E4F9241E326A7E00DC11AA /* BenYelpApp */,
			);
		};
/* End PBXProject section */

/* Begin PBXReferenceProxy section */
		D62BE6CD1E394BC800C3AFE0 /* AlamofireImage.framework */ = {
			isa = PBXReferenceProxy;
			fileType = wrapper.framework;
			path = AlamofireImage.framework;
			remoteRef = D62BE6CC1E394BC800C3AFE0 /* PBXContainerItemProxy */;
			sourceTree = BUILT_PRODUCTS_DIR;
		};
		D62BE6CF1E394BC800C3AFE0 /* AlamofireImage iOS Tests.xctest */ = {
			isa = PBXReferenceProxy;
			fileType = wrapper.cfbundle;
			path = "AlamofireImage iOS Tests.xctest";
			remoteRef = D62BE6CE1E394BC800C3AFE0 /* PBXContainerItemProxy */;
			sourceTree = BUILT_PRODUCTS_DIR;
		};
		D62BE6D11E394BC800C3AFE0 /* AlamofireImage.framework */ = {
			isa = PBXReferenceProxy;
			fileType = wrapper.framework;
			path = AlamofireImage.framework;
			remoteRef = D62BE6D01E394BC800C3AFE0 /* PBXContainerItemProxy */;
			sourceTree = BUILT_PRODUCTS_DIR;
		};
		D62BE6D31E394BC800C3AFE0 /* AlamofireImage macOS Tests.xctest */ = {
			isa = PBXReferenceProxy;
			fileType = wrapper.cfbundle;
			path = "AlamofireImage macOS Tests.xctest";
			remoteRef = D62BE6D21E394BC800C3AFE0 /* PBXContainerItemProxy */;
			sourceTree = BUILT_PRODUCTS_DIR;
		};
		D62BE6D51E394BC800C3AFE0 /* AlamofireImage.framework */ = {
			isa = PBXReferenceProxy;
			fileType = wrapper.framework;
			path = AlamofireImage.framework;
			remoteRef = D62BE6D41E394BC800C3AFE0 /* PBXContainerItemProxy */;
			sourceTree = BUILT_PRODUCTS_DIR;
		};
		D62BE6D71E394BC800C3AFE0 /* AlamofireImage tvOS Tests.xctest */ = {
			isa = PBXReferenceProxy;
			fileType = wrapper.cfbundle;
			path = "AlamofireImage tvOS Tests.xctest";
			remoteRef = D62BE6D61E394BC800C3AFE0 /* PBXContainerItemProxy */;
			sourceTree = BUILT_PRODUCTS_DIR;
		};
		D62BE6D91E394BC800C3AFE0 /* AlamofireImage.framework */ = {
			isa = PBXReferenceProxy;
			fileType = wrapper.framework;
			path = AlamofireImage.framework;
			remoteRef = D62BE6D81E394BC800C3AFE0 /* PBXContainerItemProxy */;
			sourceTree = BUILT_PRODUCTS_DIR;
		};
		D6E4F9461E32A55100DC11AA /* Alamofire.framework */ = {
			isa = PBXReferenceProxy;
			fileType = wrapper.framework;
			path = Alamofire.framework;
			remoteRef = D6E4F9451E32A55100DC11AA /* PBXContainerItemProxy */;
			sourceTree = BUILT_PRODUCTS_DIR;
		};
		D6E4F9481E32A55100DC11AA /* Alamofire iOS Tests.xctest */ = {
			isa = PBXReferenceProxy;
			fileType = wrapper.cfbundle;
			path = "Alamofire iOS Tests.xctest";
			remoteRef = D6E4F9471E32A55100DC11AA /* PBXContainerItemProxy */;
			sourceTree = BUILT_PRODUCTS_DIR;
		};
		D6E4F94A1E32A55100DC11AA /* Alamofire.framework */ = {
			isa = PBXReferenceProxy;
			fileType = wrapper.framework;
			path = Alamofire.framework;
			remoteRef = D6E4F9491E32A55100DC11AA /* PBXContainerItemProxy */;
			sourceTree = BUILT_PRODUCTS_DIR;
		};
		D6E4F94C1E32A55100DC11AA /* Alamofire macOS Tests.xctest */ = {
			isa = PBXReferenceProxy;
			fileType = wrapper.cfbundle;
			path = "Alamofire macOS Tests.xctest";
			remoteRef = D6E4F94B1E32A55100DC11AA /* PBXContainerItemProxy */;
			sourceTree = BUILT_PRODUCTS_DIR;
		};
		D6E4F94E1E32A55100DC11AA /* Alamofire.framework */ = {
			isa = PBXReferenceProxy;
			fileType = wrapper.framework;
			path = Alamofire.framework;
			remoteRef = D6E4F94D1E32A55100DC11AA /* PBXContainerItemProxy */;
			sourceTree = BUILT_PRODUCTS_DIR;
		};
		D6E4F9501E32A55100DC11AA /* Alamofire tvOS Tests.xctest */ = {
			isa = PBXReferenceProxy;
			fileType = wrapper.cfbundle;
			path = "Alamofire tvOS Tests.xctest";
			remoteRef = D6E4F94F1E32A55100DC11AA /* PBXContainerItemProxy */;
			sourceTree = BUILT_PRODUCTS_DIR;
		};
		D6E4F9521E32A55100DC11AA /* Alamofire.framework */ = {
			isa = PBXReferenceProxy;
			fileType = wrapper.framework;
			path = Alamofire.framework;
			remoteRef = D6E4F9511E32A55100DC11AA /* PBXContainerItemProxy */;
			sourceTree = BUILT_PRODUCTS_DIR;
		};
/* End PBXReferenceProxy section */

/* Begin PBXResourcesBuildPhase section */
		D6E4F9231E326A7E00DC11AA /* Resources */ = {
			isa = PBXResourcesBuildPhase;
			buildActionMask = 2147483647;
			files = (
				D62BE6DF1E3B202100C3AFE0 /* Main.storyboard in Resources */,
				D6E4F9331E326A7E00DC11AA /* LaunchScreen.storyboard in Resources */,
				D6E4F9301E326A7E00DC11AA /* Assets.xcassets in Resources */,
			);
			runOnlyForDeploymentPostprocessing = 0;
		};
/* End PBXResourcesBuildPhase section */

/* Begin PBXSourcesBuildPhase section */
		D6E4F9211E326A7E00DC11AA /* Sources */ = {
			isa = PBXSourcesBuildPhase;
			buildActionMask = 2147483647;
			files = (
				D62BE6E31E3B314D00C3AFE0 /* CellClass.swift in Sources */,
				D6EE12101E42675400B189B1 /* WebViewController.swift in Sources */,
				D67B06211E4131D700D936AA /* MapAnnotation.swift in Sources */,
				D6E4F9591E32B87800DC11AA /* SwiftyJSON.swift in Sources */,
				D6E4F9651E37D68200DC11AA /* YelpData.swift in Sources */,
				D6EE12271E48D6F800B189B1 /* DataRetrieval.swift in Sources */,
				D6E4F92B1E326A7E00DC11AA /* ViewController.swift in Sources */,
				D6DC16471E3ED15C00A5E794 /* MapViewController.swift in Sources */,
				D6E4F9671E37E37C00DC11AA /* Restaurant.swift in Sources */,
				D6E4F9291E326A7E00DC11AA /* AppDelegate.swift in Sources */,
				D6E4F95B1E364F9000DC11AA /* DetailViewController.swift in Sources */,
				D6EE12221E43D41200B189B1 /* ImageViewController.swift in Sources */,
				D6E4F9611E37A2DE00DC11AA /* TitleViewController.swift in Sources */,
			);
			runOnlyForDeploymentPostprocessing = 0;
		};
/* End PBXSourcesBuildPhase section */

/* Begin PBXTargetDependency section */
		D62BE6DD1E394C8E00C3AFE0 /* PBXTargetDependency */ = {
			isa = PBXTargetDependency;
			name = "AlamofireImage iOS";
			targetProxy = D62BE6DC1E394C8E00C3AFE0 /* PBXContainerItemProxy */;
		};
		D6E4F9561E32A6C800DC11AA /* PBXTargetDependency */ = {
			isa = PBXTargetDependency;
			name = "Alamofire iOS";
			targetProxy = D6E4F9551E32A6C800DC11AA /* PBXContainerItemProxy */;
		};
/* End PBXTargetDependency section */

/* Begin PBXVariantGroup section */
		D6E4F9311E326A7E00DC11AA /* LaunchScreen.storyboard */ = {
			isa = PBXVariantGroup;
			children = (
				D6E4F9321E326A7E00DC11AA /* Base */,
			);
			name = LaunchScreen.storyboard;
			sourceTree = "<group>";
		};
/* End PBXVariantGroup section */

/* Begin XCBuildConfiguration section */
		D6E4F9351E326A7E00DC11AA /* Debug */ = {
			isa = XCBuildConfiguration;
			buildSettings = {
				ALWAYS_SEARCH_USER_PATHS = NO;
				CLANG_ANALYZER_NONNULL = YES;
				CLANG_CXX_LANGUAGE_STANDARD = "gnu++0x";
				CLANG_CXX_LIBRARY = "libc++";
				CLANG_ENABLE_MODULES = YES;
				CLANG_ENABLE_OBJC_ARC = YES;
				CLANG_WARN_BOOL_CONVERSION = YES;
				CLANG_WARN_CONSTANT_CONVERSION = YES;
				CLANG_WARN_DIRECT_OBJC_ISA_USAGE = YES_ERROR;
				CLANG_WARN_DOCUMENTATION_COMMENTS = YES;
				CLANG_WARN_EMPTY_BODY = YES;
				CLANG_WARN_ENUM_CONVERSION = YES;
				CLANG_WARN_INFINITE_RECURSION = YES;
				CLANG_WARN_INT_CONVERSION = YES;
				CLANG_WARN_OBJC_ROOT_CLASS = YES_ERROR;
				CLANG_WARN_SUSPICIOUS_MOVE = YES;
				CLANG_WARN_UNREACHABLE_CODE = YES;
				CLANG_WARN__DUPLICATE_METHOD_MATCH = YES;
				"CODE_SIGN_IDENTITY[sdk=iphoneos*]" = "iPhone Developer";
				COPY_PHASE_STRIP = NO;
				DEBUG_INFORMATION_FORMAT = dwarf;
				ENABLE_STRICT_OBJC_MSGSEND = YES;
				ENABLE_TESTABILITY = YES;
				GCC_C_LANGUAGE_STANDARD = gnu99;
				GCC_DYNAMIC_NO_PIC = NO;
				GCC_NO_COMMON_BLOCKS = YES;
				GCC_OPTIMIZATION_LEVEL = 0;
				GCC_PREPROCESSOR_DEFINITIONS = (
					"DEBUG=1",
					"$(inherited)",
				);
				GCC_WARN_64_TO_32_BIT_CONVERSION = YES;
				GCC_WARN_ABOUT_RETURN_TYPE = YES_ERROR;
				GCC_WARN_UNDECLARED_SELECTOR = YES;
				GCC_WARN_UNINITIALIZED_AUTOS = YES_AGGRESSIVE;
				GCC_WARN_UNUSED_FUNCTION = YES;
				GCC_WARN_UNUSED_VARIABLE = YES;
				IPHONEOS_DEPLOYMENT_TARGET = 10.2;
				MTL_ENABLE_DEBUG_INFO = YES;
				ONLY_ACTIVE_ARCH = YES;
				SDKROOT = iphoneos;
				SWIFT_ACTIVE_COMPILATION_CONDITIONS = DEBUG;
				SWIFT_OPTIMIZATION_LEVEL = "-Onone";
			};
			name = Debug;
		};
		D6E4F9361E326A7E00DC11AA /* Release */ = {
			isa = XCBuildConfiguration;
			buildSettings = {
				ALWAYS_SEARCH_USER_PATHS = NO;
				CLANG_ANALYZER_NONNULL = YES;
				CLANG_CXX_LANGUAGE_STANDARD = "gnu++0x";
				CLANG_CXX_LIBRARY = "libc++";
				CLANG_ENABLE_MODULES = YES;
				CLANG_ENABLE_OBJC_ARC = YES;
				CLANG_WARN_BOOL_CONVERSION = YES;
				CLANG_WARN_CONSTANT_CONVERSION = YES;
				CLANG_WARN_DIRECT_OBJC_ISA_USAGE = YES_ERROR;
				CLANG_WARN_DOCUMENTATION_COMMENTS = YES;
				CLANG_WARN_EMPTY_BODY = YES;
				CLANG_WARN_ENUM_CONVERSION = YES;
				CLANG_WARN_INFINITE_RECURSION = YES;
				CLANG_WARN_INT_CONVERSION = YES;
				CLANG_WARN_OBJC_ROOT_CLASS = YES_ERROR;
				CLANG_WARN_SUSPICIOUS_MOVE = YES;
				CLANG_WARN_UNREACHABLE_CODE = YES;
				CLANG_WARN__DUPLICATE_METHOD_MATCH = YES;
				"CODE_SIGN_IDENTITY[sdk=iphoneos*]" = "iPhone Developer";
				COPY_PHASE_STRIP = NO;
				DEBUG_INFORMATION_FORMAT = "dwarf-with-dsym";
				ENABLE_NS_ASSERTIONS = NO;
				ENABLE_STRICT_OBJC_MSGSEND = YES;
				GCC_C_LANGUAGE_STANDARD = gnu99;
				GCC_NO_COMMON_BLOCKS = YES;
				GCC_WARN_64_TO_32_BIT_CONVERSION = YES;
				GCC_WARN_ABOUT_RETURN_TYPE = YES_ERROR;
				GCC_WARN_UNDECLARED_SELECTOR = YES;
				GCC_WARN_UNINITIALIZED_AUTOS = YES_AGGRESSIVE;
				GCC_WARN_UNUSED_FUNCTION = YES;
				GCC_WARN_UNUSED_VARIABLE = YES;
				IPHONEOS_DEPLOYMENT_TARGET = 10.2;
				MTL_ENABLE_DEBUG_INFO = NO;
				SDKROOT = iphoneos;
				SWIFT_OPTIMIZATION_LEVEL = "-Owholemodule";
				VALIDATE_PRODUCT = YES;
			};
			name = Release;
		};
		D6E4F9381E326A7E00DC11AA /* Debug */ = {
			isa = XCBuildConfiguration;
			buildSettings = {
				ALWAYS_EMBED_SWIFT_STANDARD_LIBRARIES = YES;
				ASSETCATALOG_COMPILER_APPICON_NAME = AppIcon;
				DEVELOPMENT_TEAM = CQKZVG636A;
				INFOPLIST_FILE = BenYelpApp/Info.plist;
				IPHONEOS_DEPLOYMENT_TARGET = 10.2;
				LD_RUNPATH_SEARCH_PATHS = "$(inherited) @executable_path/Frameworks";
				PRODUCT_BUNDLE_IDENTIFIER = BenInc.BenYelpApp;
				PRODUCT_NAME = "$(TARGET_NAME)";
				SWIFT_VERSION = 3.0;
				TARGETED_DEVICE_FAMILY = 1;
			};
			name = Debug;
		};
		D6E4F9391E326A7E00DC11AA /* Release */ = {
			isa = XCBuildConfiguration;
			buildSettings = {
				ALWAYS_EMBED_SWIFT_STANDARD_LIBRARIES = YES;
				ASSETCATALOG_COMPILER_APPICON_NAME = AppIcon;
				DEVELOPMENT_TEAM = CQKZVG636A;
				INFOPLIST_FILE = BenYelpApp/Info.plist;
				IPHONEOS_DEPLOYMENT_TARGET = 10.2;
				LD_RUNPATH_SEARCH_PATHS = "$(inherited) @executable_path/Frameworks";
				PRODUCT_BUNDLE_IDENTIFIER = BenInc.BenYelpApp;
				PRODUCT_NAME = "$(TARGET_NAME)";
				SWIFT_VERSION = 3.0;
				TARGETED_DEVICE_FAMILY = 1;
			};
			name = Release;
		};
/* End XCBuildConfiguration section */

/* Begin XCConfigurationList section */
		D6E4F9201E326A7E00DC11AA /* Build configuration list for PBXProject "BenYelpApp" */ = {
			isa = XCConfigurationList;
			buildConfigurations = (
				D6E4F9351E326A7E00DC11AA /* Debug */,
				D6E4F9361E326A7E00DC11AA /* Release */,
			);
			defaultConfigurationIsVisible = 0;
			defaultConfigurationName = Release;
		};
		D6E4F9371E326A7E00DC11AA /* Build configuration list for PBXNativeTarget "BenYelpApp" */ = {
			isa = XCConfigurationList;
			buildConfigurations = (
				D6E4F9381E326A7E00DC11AA /* Debug */,
				D6E4F9391E326A7E00DC11AA /* Release */,
			);
			defaultConfigurationIsVisible = 0;
			defaultConfigurationName = Release;
		};
/* End XCConfigurationList section */
	};
	rootObject = D6E4F91D1E326A7E00DC11AA /* Project object */;
}
